
Microsoft Visual Studio Solution File, Format Version 12.00
# Visual Studio Version 16
VisualStudioVersion = 16.0.28803.156
MinimumVisualStudioVersion = 10.0.40219.1
Project("{6EC3EE1D-3C4E-46DD-8F32-0CC8E7565705}") = "FsForth", "FsForth\FsForth.fsproj", "{455BF02B-30E3-4FEF-A9AC-B16988CE10EB}"
EndProject
Global
	GlobalSection(SolutionConfigurationPlatforms) = preSolution
		Debug|Any CPU = Debug|Any CPU
		Debug|x86 = Debug|x86
		Release|Any CPU = Release|Any CPU
		Release|x86 = Release|x86
	EndGlobalSection
	GlobalSection(ProjectConfigurationPlatforms) = postSolution
		{455BF02B-30E3-4FEF-A9AC-B16988CE10EB}.Debug|Any CPU.ActiveCfg = Debug|Any CPU
		{455BF02B-30E3-4FEF-A9AC-B16988CE10EB}.Debug|Any CPU.Build.0 = Debug|Any CPU
		{455BF02B-30E3-4FEF-A9AC-B16988CE10EB}.Debug|x86.ActiveCfg = Debug|x86
		{455BF02B-30E3-4FEF-A9AC-B16988CE10EB}.Debug|x86.Build.0 = Debug|x86
		{455BF02B-30E3-4FEF-A9AC-B16988CE10EB}.Release|Any CPU.ActiveCfg = Release|Any CPU
		{455BF02B-30E3-4FEF-A9AC-B16988CE10EB}.Release|Any CPU.Build.0 = Release|Any CPU
		{455BF02B-30E3-4FEF-A9AC-B16988CE10EB}.Release|x86.ActiveCfg = Release|x86
		{455BF02B-30E3-4FEF-A9AC-B16988CE10EB}.Release|x86.Build.0 = Release|x86
	EndGlobalSection
	GlobalSection(SolutionProperties) = preSolution
		HideSolutionNode = FALSE
	EndGlobalSection
	GlobalSection(ExtensibilityGlobals) = postSolution
		SolutionGuid = {A1FE1726-01AE-4CCB-B490-E49993077110}
	EndGlobalSection
EndGlobal
